// !$*UTF8*$!
{
	archiveVersion = 1;
	classes = {
	};
	objectVersion = 51;
	objects = {

/* Begin PBXBuildFile section */
		21FA17F136849AEEC23FEBC9 /* Pods_GBShopping.framework in Frameworks */ = {isa = PBXBuildFile; fileRef = EC6972F1EFAE0DEFF811D784 /* Pods_GBShopping.framework */; };
		6F7D9D10B0844100A7FEE5DA /* Pods_GBShoppingTests.framework in Frameworks */ = {isa = PBXBuildFile; fileRef = D6B66220ACE7D12B7896E291 /* Pods_GBShoppingTests.framework */; };
		DE980776BE2018F9C2340627 /* Pods_GBShopping_GBShoppingUITests.framework in Frameworks */ = {isa = PBXBuildFile; fileRef = 3F2CB62685F75072971F51A3 /* Pods_GBShopping_GBShoppingUITests.framework */; };
		F44A9A09267F47A400441CCF /* AppDelegate.swift in Sources */ = {isa = PBXBuildFile; fileRef = F44A9A08267F47A400441CCF /* AppDelegate.swift */; };
		F44A9A0B267F47A400441CCF /* SceneDelegate.swift in Sources */ = {isa = PBXBuildFile; fileRef = F44A9A0A267F47A400441CCF /* SceneDelegate.swift */; };
		F44A9A0D267F47A400441CCF /* ViewController.swift in Sources */ = {isa = PBXBuildFile; fileRef = F44A9A0C267F47A400441CCF /* ViewController.swift */; };
		F44A9A10267F47A400441CCF /* Main.storyboard in Resources */ = {isa = PBXBuildFile; fileRef = F44A9A0E267F47A400441CCF /* Main.storyboard */; };
		F44A9A12267F47A500441CCF /* Assets.xcassets in Resources */ = {isa = PBXBuildFile; fileRef = F44A9A11267F47A500441CCF /* Assets.xcassets */; };
		F44A9A15267F47A500441CCF /* LaunchScreen.storyboard in Resources */ = {isa = PBXBuildFile; fileRef = F44A9A13267F47A500441CCF /* LaunchScreen.storyboard */; };
		F44A9A20267F47A500441CCF /* GBShoppingTests.swift in Sources */ = {isa = PBXBuildFile; fileRef = F44A9A1F267F47A500441CCF /* GBShoppingTests.swift */; };
		F44A9A2B267F47A500441CCF /* GBShoppingUITests.swift in Sources */ = {isa = PBXBuildFile; fileRef = F44A9A2A267F47A500441CCF /* GBShoppingUITests.swift */; };
		F4DD9BCD26847AEA00126EE1 /* AbstractErrorParser.swift in Sources */ = {isa = PBXBuildFile; fileRef = F4DD9BCC26847AEA00126EE1 /* AbstractErrorParser.swift */; };
		F4DD9BCF26847B3B00126EE1 /* ErrorParser.swift in Sources */ = {isa = PBXBuildFile; fileRef = F4DD9BCE26847B3B00126EE1 /* ErrorParser.swift */; };
		F4DD9BD126847CA600126EE1 /* DataRequest.swift in Sources */ = {isa = PBXBuildFile; fileRef = F4DD9BD026847CA600126EE1 /* DataRequest.swift */; };
		F4DD9BD32684801200126EE1 /* AbstractRequestFactory.swift in Sources */ = {isa = PBXBuildFile; fileRef = F4DD9BD22684801200126EE1 /* AbstractRequestFactory.swift */; };
		F4DD9BD52684827E00126EE1 /* RequestRouter.swift in Sources */ = {isa = PBXBuildFile; fileRef = F4DD9BD42684827E00126EE1 /* RequestRouter.swift */; };
		F4DD9BD72684831300126EE1 /* LoginResult.swift in Sources */ = {isa = PBXBuildFile; fileRef = F4DD9BD62684831300126EE1 /* LoginResult.swift */; };
		F4DD9BD92684834200126EE1 /* User.swift in Sources */ = {isa = PBXBuildFile; fileRef = F4DD9BD82684834200126EE1 /* User.swift */; };
		F4DD9BDC2684839B00126EE1 /* AuthRequestFactory.swift in Sources */ = {isa = PBXBuildFile; fileRef = F4DD9BDB2684839B00126EE1 /* AuthRequestFactory.swift */; };
		F4DD9BDE2684842B00126EE1 /* Auth.swift in Sources */ = {isa = PBXBuildFile; fileRef = F4DD9BDD2684842B00126EE1 /* Auth.swift */; };
		F4DD9BE02684A1CF00126EE1 /* RequestFactory.swift in Sources */ = {isa = PBXBuildFile; fileRef = F4DD9BDF2684A1CF00126EE1 /* RequestFactory.swift */; };
		F4DD9BE22684A99000126EE1 /* OnlyResult.swift in Sources */ = {isa = PBXBuildFile; fileRef = F4DD9BE12684A99000126EE1 /* OnlyResult.swift */; };
		F4DD9BE42684B5F800126EE1 /* RegisterUserResult.swift in Sources */ = {isa = PBXBuildFile; fileRef = F4DD9BE32684B5F800126EE1 /* RegisterUserResult.swift */; };
		F4DD9BEE2689FDD400126EE1 /* ResponseCodableTests.swift in Sources */ = {isa = PBXBuildFile; fileRef = F4DD9BED2689FDD400126EE1 /* ResponseCodableTests.swift */; };
		F4DD9BF0268A09D600126EE1 /* AuthTests.swift in Sources */ = {isa = PBXBuildFile; fileRef = F4DD9BEF268A09D600126EE1 /* AuthTests.swift */; };
/* End PBXBuildFile section */

/* Begin PBXContainerItemProxy section */
		F44A9A1C267F47A500441CCF /* PBXContainerItemProxy */ = {
			isa = PBXContainerItemProxy;
			containerPortal = F44A99FD267F47A400441CCF /* Project object */;
			proxyType = 1;
			remoteGlobalIDString = F44A9A04267F47A400441CCF;
			remoteInfo = GBShopping;
		};
		F44A9A27267F47A500441CCF /* PBXContainerItemProxy */ = {
			isa = PBXContainerItemProxy;
			containerPortal = F44A99FD267F47A400441CCF /* Project object */;
			proxyType = 1;
			remoteGlobalIDString = F44A9A04267F47A400441CCF;
			remoteInfo = GBShopping;
		};
/* End PBXContainerItemProxy section */

/* Begin PBXFileReference section */
		1D84B3E206755E7F01F6F58A /* Pods-GBShopping-GBShoppingUITests.release.xcconfig */ = {isa = PBXFileReference; includeInIndex = 1; lastKnownFileType = text.xcconfig; name = "Pods-GBShopping-GBShoppingUITests.release.xcconfig"; path = "Target Support Files/Pods-GBShopping-GBShoppingUITests/Pods-GBShopping-GBShoppingUITests.release.xcconfig"; sourceTree = "<group>"; };
		3F2CB62685F75072971F51A3 /* Pods_GBShopping_GBShoppingUITests.framework */ = {isa = PBXFileReference; explicitFileType = wrapper.framework; includeInIndex = 0; path = Pods_GBShopping_GBShoppingUITests.framework; sourceTree = BUILT_PRODUCTS_DIR; };
		555EF8129B75318FDC4A0BEE /* Pods-GBShoppingTests.release.xcconfig */ = {isa = PBXFileReference; includeInIndex = 1; lastKnownFileType = text.xcconfig; name = "Pods-GBShoppingTests.release.xcconfig"; path = "Target Support Files/Pods-GBShoppingTests/Pods-GBShoppingTests.release.xcconfig"; sourceTree = "<group>"; };
		5DD975FF12CADD1E0EA64F52 /* Pods-GBShoppingTests.debug.xcconfig */ = {isa = PBXFileReference; includeInIndex = 1; lastKnownFileType = text.xcconfig; name = "Pods-GBShoppingTests.debug.xcconfig"; path = "Target Support Files/Pods-GBShoppingTests/Pods-GBShoppingTests.debug.xcconfig"; sourceTree = "<group>"; };
		82301879CB80B7BC6DDB5159 /* Pods-GBShopping-GBShoppingUITests.debug.xcconfig */ = {isa = PBXFileReference; includeInIndex = 1; lastKnownFileType = text.xcconfig; name = "Pods-GBShopping-GBShoppingUITests.debug.xcconfig"; path = "Target Support Files/Pods-GBShopping-GBShoppingUITests/Pods-GBShopping-GBShoppingUITests.debug.xcconfig"; sourceTree = "<group>"; };
		89CEBEF594A370D572B2C0E4 /* Pods-GBShopping.debug.xcconfig */ = {isa = PBXFileReference; includeInIndex = 1; lastKnownFileType = text.xcconfig; name = "Pods-GBShopping.debug.xcconfig"; path = "Target Support Files/Pods-GBShopping/Pods-GBShopping.debug.xcconfig"; sourceTree = "<group>"; };
		D6B66220ACE7D12B7896E291 /* Pods_GBShoppingTests.framework */ = {isa = PBXFileReference; explicitFileType = wrapper.framework; includeInIndex = 0; path = Pods_GBShoppingTests.framework; sourceTree = BUILT_PRODUCTS_DIR; };
		E6B3E48C9BD77C7A57575DC1 /* Pods-GBShopping.release.xcconfig */ = {isa = PBXFileReference; includeInIndex = 1; lastKnownFileType = text.xcconfig; name = "Pods-GBShopping.release.xcconfig"; path = "Target Support Files/Pods-GBShopping/Pods-GBShopping.release.xcconfig"; sourceTree = "<group>"; };
		EC6972F1EFAE0DEFF811D784 /* Pods_GBShopping.framework */ = {isa = PBXFileReference; explicitFileType = wrapper.framework; includeInIndex = 0; path = Pods_GBShopping.framework; sourceTree = BUILT_PRODUCTS_DIR; };
		F44A9A05267F47A400441CCF /* GBShopping.app */ = {isa = PBXFileReference; explicitFileType = wrapper.application; includeInIndex = 0; path = GBShopping.app; sourceTree = BUILT_PRODUCTS_DIR; };
		F44A9A08267F47A400441CCF /* AppDelegate.swift */ = {isa = PBXFileReference; lastKnownFileType = sourcecode.swift; path = AppDelegate.swift; sourceTree = "<group>"; };
		F44A9A0A267F47A400441CCF /* SceneDelegate.swift */ = {isa = PBXFileReference; lastKnownFileType = sourcecode.swift; path = SceneDelegate.swift; sourceTree = "<group>"; };
		F44A9A0C267F47A400441CCF /* ViewController.swift */ = {isa = PBXFileReference; lastKnownFileType = sourcecode.swift; path = ViewController.swift; sourceTree = "<group>"; };
		F44A9A0F267F47A400441CCF /* Base */ = {isa = PBXFileReference; lastKnownFileType = file.storyboard; name = Base; path = Base.lproj/Main.storyboard; sourceTree = "<group>"; };
		F44A9A11267F47A500441CCF /* Assets.xcassets */ = {isa = PBXFileReference; lastKnownFileType = folder.assetcatalog; path = Assets.xcassets; sourceTree = "<group>"; };
		F44A9A14267F47A500441CCF /* Base */ = {isa = PBXFileReference; lastKnownFileType = file.storyboard; name = Base; path = Base.lproj/LaunchScreen.storyboard; sourceTree = "<group>"; };
		F44A9A16267F47A500441CCF /* Info.plist */ = {isa = PBXFileReference; lastKnownFileType = text.plist.xml; path = Info.plist; sourceTree = "<group>"; };
		F44A9A1B267F47A500441CCF /* GBShoppingTests.xctest */ = {isa = PBXFileReference; explicitFileType = wrapper.cfbundle; includeInIndex = 0; path = GBShoppingTests.xctest; sourceTree = BUILT_PRODUCTS_DIR; };
		F44A9A1F267F47A500441CCF /* GBShoppingTests.swift */ = {isa = PBXFileReference; lastKnownFileType = sourcecode.swift; path = GBShoppingTests.swift; sourceTree = "<group>"; };
		F44A9A21267F47A500441CCF /* Info.plist */ = {isa = PBXFileReference; lastKnownFileType = text.plist.xml; path = Info.plist; sourceTree = "<group>"; };
		F44A9A26267F47A500441CCF /* GBShoppingUITests.xctest */ = {isa = PBXFileReference; explicitFileType = wrapper.cfbundle; includeInIndex = 0; path = GBShoppingUITests.xctest; sourceTree = BUILT_PRODUCTS_DIR; };
		F44A9A2A267F47A500441CCF /* GBShoppingUITests.swift */ = {isa = PBXFileReference; lastKnownFileType = sourcecode.swift; path = GBShoppingUITests.swift; sourceTree = "<group>"; };
		F44A9A2C267F47A500441CCF /* Info.plist */ = {isa = PBXFileReference; lastKnownFileType = text.plist.xml; path = Info.plist; sourceTree = "<group>"; };
		F4DD9BCC26847AEA00126EE1 /* AbstractErrorParser.swift */ = {isa = PBXFileReference; lastKnownFileType = sourcecode.swift; path = AbstractErrorParser.swift; sourceTree = "<group>"; };
		F4DD9BCE26847B3B00126EE1 /* ErrorParser.swift */ = {isa = PBXFileReference; lastKnownFileType = sourcecode.swift; path = ErrorParser.swift; sourceTree = "<group>"; };
		F4DD9BD026847CA600126EE1 /* DataRequest.swift */ = {isa = PBXFileReference; lastKnownFileType = sourcecode.swift; path = DataRequest.swift; sourceTree = "<group>"; };
		F4DD9BD22684801200126EE1 /* AbstractRequestFactory.swift */ = {isa = PBXFileReference; lastKnownFileType = sourcecode.swift; path = AbstractRequestFactory.swift; sourceTree = "<group>"; };
		F4DD9BD42684827E00126EE1 /* RequestRouter.swift */ = {isa = PBXFileReference; lastKnownFileType = sourcecode.swift; path = RequestRouter.swift; sourceTree = "<group>"; };
		F4DD9BD62684831300126EE1 /* LoginResult.swift */ = {isa = PBXFileReference; lastKnownFileType = sourcecode.swift; path = LoginResult.swift; sourceTree = "<group>"; };
		F4DD9BD82684834200126EE1 /* User.swift */ = {isa = PBXFileReference; lastKnownFileType = sourcecode.swift; path = User.swift; sourceTree = "<group>"; };
		F4DD9BDB2684839B00126EE1 /* AuthRequestFactory.swift */ = {isa = PBXFileReference; lastKnownFileType = sourcecode.swift; path = AuthRequestFactory.swift; sourceTree = "<group>"; };
		F4DD9BDD2684842B00126EE1 /* Auth.swift */ = {isa = PBXFileReference; lastKnownFileType = sourcecode.swift; path = Auth.swift; sourceTree = "<group>"; };
		F4DD9BDF2684A1CF00126EE1 /* RequestFactory.swift */ = {isa = PBXFileReference; lastKnownFileType = sourcecode.swift; path = RequestFactory.swift; sourceTree = "<group>"; };
		F4DD9BE12684A99000126EE1 /* OnlyResult.swift */ = {isa = PBXFileReference; lastKnownFileType = sourcecode.swift; path = OnlyResult.swift; sourceTree = "<group>"; };
		F4DD9BE32684B5F800126EE1 /* RegisterUserResult.swift */ = {isa = PBXFileReference; lastKnownFileType = sourcecode.swift; path = RegisterUserResult.swift; sourceTree = "<group>"; };
		F4DD9BEA2689F6BE00126EE1 /* UnitTests.xctestplan */ = {isa = PBXFileReference; lastKnownFileType = text; path = UnitTests.xctestplan; sourceTree = "<group>"; };
		F4DD9BEB2689F6D400126EE1 /* UITests.xctestplan */ = {isa = PBXFileReference; lastKnownFileType = text; path = UITests.xctestplan; sourceTree = "<group>"; };
		F4DD9BEC2689F6F100126EE1 /* AllTests.xctestplan */ = {isa = PBXFileReference; lastKnownFileType = text; path = AllTests.xctestplan; sourceTree = "<group>"; };
		F4DD9BED2689FDD400126EE1 /* ResponseCodableTests.swift */ = {isa = PBXFileReference; lastKnownFileType = sourcecode.swift; path = ResponseCodableTests.swift; sourceTree = "<group>"; };
		F4DD9BEF268A09D600126EE1 /* AuthTests.swift */ = {isa = PBXFileReference; lastKnownFileType = sourcecode.swift; path = AuthTests.swift; sourceTree = "<group>"; };
/* End PBXFileReference section */

/* Begin PBXFrameworksBuildPhase section */
		F44A9A02267F47A400441CCF /* Frameworks */ = {
			isa = PBXFrameworksBuildPhase;
			buildActionMask = 2147483647;
			files = (
				21FA17F136849AEEC23FEBC9 /* Pods_GBShopping.framework in Frameworks */,
			);
			runOnlyForDeploymentPostprocessing = 0;
		};
		F44A9A18267F47A500441CCF /* Frameworks */ = {
			isa = PBXFrameworksBuildPhase;
			buildActionMask = 2147483647;
			files = (
				6F7D9D10B0844100A7FEE5DA /* Pods_GBShoppingTests.framework in Frameworks */,
			);
			runOnlyForDeploymentPostprocessing = 0;
		};
		F44A9A23267F47A500441CCF /* Frameworks */ = {
			isa = PBXFrameworksBuildPhase;
			buildActionMask = 2147483647;
			files = (
				DE980776BE2018F9C2340627 /* Pods_GBShopping_GBShoppingUITests.framework in Frameworks */,
			);
			runOnlyForDeploymentPostprocessing = 0;
		};
/* End PBXFrameworksBuildPhase section */

/* Begin PBXGroup section */
		069EB1F7FC2483441A77C0DD /* Pods */ = {
			isa = PBXGroup;
			children = (
				89CEBEF594A370D572B2C0E4 /* Pods-GBShopping.debug.xcconfig */,
				E6B3E48C9BD77C7A57575DC1 /* Pods-GBShopping.release.xcconfig */,
				82301879CB80B7BC6DDB5159 /* Pods-GBShopping-GBShoppingUITests.debug.xcconfig */,
				1D84B3E206755E7F01F6F58A /* Pods-GBShopping-GBShoppingUITests.release.xcconfig */,
				5DD975FF12CADD1E0EA64F52 /* Pods-GBShoppingTests.debug.xcconfig */,
				555EF8129B75318FDC4A0BEE /* Pods-GBShoppingTests.release.xcconfig */,
			);
			path = Pods;
			sourceTree = "<group>";
		};
		83D9C9D0E8BE5882113A7014 /* Frameworks */ = {
			isa = PBXGroup;
			children = (
				EC6972F1EFAE0DEFF811D784 /* Pods_GBShopping.framework */,
				3F2CB62685F75072971F51A3 /* Pods_GBShopping_GBShoppingUITests.framework */,
				D6B66220ACE7D12B7896E291 /* Pods_GBShoppingTests.framework */,
			);
			name = Frameworks;
			sourceTree = "<group>";
		};
		F44A99FC267F47A400441CCF = {
			isa = PBXGroup;
			children = (
				F4DD9BE92689F5A900126EE1 /* TestPlans */,
				F44A9A07267F47A400441CCF /* GBShopping */,
				F44A9A1E267F47A500441CCF /* GBShoppingTests */,
				F44A9A29267F47A500441CCF /* GBShoppingUITests */,
				F44A9A06267F47A400441CCF /* Products */,
				069EB1F7FC2483441A77C0DD /* Pods */,
				83D9C9D0E8BE5882113A7014 /* Frameworks */,
			);
			sourceTree = "<group>";
		};
		F44A9A06267F47A400441CCF /* Products */ = {
			isa = PBXGroup;
			children = (
				F44A9A05267F47A400441CCF /* GBShopping.app */,
				F44A9A1B267F47A500441CCF /* GBShoppingTests.xctest */,
				F44A9A26267F47A500441CCF /* GBShoppingUITests.xctest */,
			);
			name = Products;
			sourceTree = "<group>";
		};
		F44A9A07267F47A400441CCF /* GBShopping */ = {
			isa = PBXGroup;
			children = (
				F44A9A38267F5C5F00441CCF /* App */,
				F44A9A3D267F5C9100441CCF /* Core */,
				F44A9A3F267F5CA700441CCF /* Environments */,
				F44A9A3E267F5C9900441CCF /* Resources */,
				F44A9A0E267F47A400441CCF /* Main.storyboard */,
				F44A9A0C267F47A400441CCF /* ViewController.swift */,
			);
			path = GBShopping;
			sourceTree = "<group>";
		};
		F44A9A1E267F47A500441CCF /* GBShoppingTests */ = {
			isa = PBXGroup;
			children = (
				F44A9A1F267F47A500441CCF /* GBShoppingTests.swift */,
				F44A9A21267F47A500441CCF /* Info.plist */,
				F4DD9BED2689FDD400126EE1 /* ResponseCodableTests.swift */,
				F4DD9BEF268A09D600126EE1 /* AuthTests.swift */,
			);
			path = GBShoppingTests;
			sourceTree = "<group>";
		};
		F44A9A29267F47A500441CCF /* GBShoppingUITests */ = {
			isa = PBXGroup;
			children = (
				F44A9A2A267F47A500441CCF /* GBShoppingUITests.swift */,
				F44A9A2C267F47A500441CCF /* Info.plist */,
			);
			path = GBShoppingUITests;
			sourceTree = "<group>";
		};
		F44A9A38267F5C5F00441CCF /* App */ = {
			isa = PBXGroup;
			children = (
				F44A9A08267F47A400441CCF /* AppDelegate.swift */,
				F44A9A0A267F47A400441CCF /* SceneDelegate.swift */,
				F44A9A3B267F5C7C00441CCF /* Assembly */,
				F44A9A39267F5C6600441CCF /* BusinessLogic */,
				F44A9A3A267F5C7200441CCF /* Entity */,
				F44A9A3C267F5C8600441CCF /* Flows */,
			);
			path = App;
			sourceTree = "<group>";
		};
		F44A9A39267F5C6600441CCF /* BusinessLogic */ = {
			isa = PBXGroup;
			children = (
				F4DD9BDA2684836D00126EE1 /* Network */,
			);
			path = BusinessLogic;
			sourceTree = "<group>";
		};
		F44A9A3A267F5C7200441CCF /* Entity */ = {
			isa = PBXGroup;
			children = (
				F4DD9BD62684831300126EE1 /* LoginResult.swift */,
				F4DD9BD82684834200126EE1 /* User.swift */,
				F4DD9BE12684A99000126EE1 /* OnlyResult.swift */,
				F4DD9BE32684B5F800126EE1 /* RegisterUserResult.swift */,
			);
			path = Entity;
			sourceTree = "<group>";
		};
		F44A9A3B267F5C7C00441CCF /* Assembly */ = {
			isa = PBXGroup;
			children = (
			);
			path = Assembly;
			sourceTree = "<group>";
		};
		F44A9A3C267F5C8600441CCF /* Flows */ = {
			isa = PBXGroup;
			children = (
			);
			path = Flows;
			sourceTree = "<group>";
		};
		F44A9A3D267F5C9100441CCF /* Core */ = {
			isa = PBXGroup;
			children = (
				F4DD9BCB268479DD00126EE1 /* Network */,
			);
			path = Core;
			sourceTree = "<group>";
		};
		F44A9A3E267F5C9900441CCF /* Resources */ = {
			isa = PBXGroup;
			children = (
				F44A9A11267F47A500441CCF /* Assets.xcassets */,
				F44A9A13267F47A500441CCF /* LaunchScreen.storyboard */,
			);
			path = Resources;
			sourceTree = "<group>";
		};
		F44A9A3F267F5CA700441CCF /* Environments */ = {
			isa = PBXGroup;
			children = (
				F44A9A16267F47A500441CCF /* Info.plist */,
			);
			path = Environments;
			sourceTree = "<group>";
		};
		F4DD9BCB268479DD00126EE1 /* Network */ = {
			isa = PBXGroup;
			children = (
				F4DD9BCC26847AEA00126EE1 /* AbstractErrorParser.swift */,
				F4DD9BCE26847B3B00126EE1 /* ErrorParser.swift */,
				F4DD9BD026847CA600126EE1 /* DataRequest.swift */,
				F4DD9BD22684801200126EE1 /* AbstractRequestFactory.swift */,
				F4DD9BD42684827E00126EE1 /* RequestRouter.swift */,
			);
			path = Network;
			sourceTree = "<group>";
		};
		F4DD9BDA2684836D00126EE1 /* Network */ = {
			isa = PBXGroup;
			children = (
				F4DD9BDB2684839B00126EE1 /* AuthRequestFactory.swift */,
				F4DD9BDD2684842B00126EE1 /* Auth.swift */,
				F4DD9BDF2684A1CF00126EE1 /* RequestFactory.swift */,
			);
			path = Network;
			sourceTree = "<group>";
		};
		F4DD9BE92689F5A900126EE1 /* TestPlans */ = {
			isa = PBXGroup;
			children = (
				F4DD9BEC2689F6F100126EE1 /* AllTests.xctestplan */,
				F4DD9BEB2689F6D400126EE1 /* UITests.xctestplan */,
				F4DD9BEA2689F6BE00126EE1 /* UnitTests.xctestplan */,
			);
			path = TestPlans;
			sourceTree = "<group>";
		};
/* End PBXGroup section */

/* Begin PBXNativeTarget section */
		F44A9A04267F47A400441CCF /* GBShopping */ = {
			isa = PBXNativeTarget;
			buildConfigurationList = F44A9A2F267F47A500441CCF /* Build configuration list for PBXNativeTarget "GBShopping" */;
			buildPhases = (
				0149902E8B42679B3EC72196 /* [CP] Check Pods Manifest.lock */,
				F44A9A01267F47A400441CCF /* Sources */,
				F44A9A02267F47A400441CCF /* Frameworks */,
				F44A9A03267F47A400441CCF /* Resources */,
				9D1900B20F70ADBB1078CBE6 /* [CP] Embed Pods Frameworks */,
			);
			buildRules = (
			);
			dependencies = (
			);
			name = GBShopping;
			productName = GBShopping;
			productReference = F44A9A05267F47A400441CCF /* GBShopping.app */;
			productType = "com.apple.product-type.application";
		};
		F44A9A1A267F47A500441CCF /* GBShoppingTests */ = {
			isa = PBXNativeTarget;
			buildConfigurationList = F44A9A32267F47A500441CCF /* Build configuration list for PBXNativeTarget "GBShoppingTests" */;
			buildPhases = (
				C412AA1F08E1B4D5A7183D73 /* [CP] Check Pods Manifest.lock */,
				F44A9A17267F47A500441CCF /* Sources */,
				F44A9A18267F47A500441CCF /* Frameworks */,
				F44A9A19267F47A500441CCF /* Resources */,
			);
			buildRules = (
			);
			dependencies = (
				F44A9A1D267F47A500441CCF /* PBXTargetDependency */,
			);
			name = GBShoppingTests;
			productName = GBShoppingTests;
			productReference = F44A9A1B267F47A500441CCF /* GBShoppingTests.xctest */;
			productType = "com.apple.product-type.bundle.unit-test";
		};
		F44A9A25267F47A500441CCF /* GBShoppingUITests */ = {
			isa = PBXNativeTarget;
			buildConfigurationList = F44A9A35267F47A500441CCF /* Build configuration list for PBXNativeTarget "GBShoppingUITests" */;
			buildPhases = (
				523A9550F28A451A9F24DE44 /* [CP] Check Pods Manifest.lock */,
				F44A9A22267F47A500441CCF /* Sources */,
				F44A9A23267F47A500441CCF /* Frameworks */,
				F44A9A24267F47A500441CCF /* Resources */,
				321E51C17CB1694F914EC65C /* [CP] Embed Pods Frameworks */,
			);
			buildRules = (
			);
			dependencies = (
				F44A9A28267F47A500441CCF /* PBXTargetDependency */,
			);
			name = GBShoppingUITests;
			productName = GBShoppingUITests;
			productReference = F44A9A26267F47A500441CCF /* GBShoppingUITests.xctest */;
			productType = "com.apple.product-type.bundle.ui-testing";
		};
/* End PBXNativeTarget section */

/* Begin PBXProject section */
		F44A99FD267F47A400441CCF /* Project object */ = {
			isa = PBXProject;
			attributes = {
				LastSwiftUpdateCheck = 1250;
				LastUpgradeCheck = 1250;
				TargetAttributes = {
					F44A9A04267F47A400441CCF = {
						CreatedOnToolsVersion = 12.5;
					};
					F44A9A1A267F47A500441CCF = {
						CreatedOnToolsVersion = 12.5;
						TestTargetID = F44A9A04267F47A400441CCF;
					};
					F44A9A25267F47A500441CCF = {
						CreatedOnToolsVersion = 12.5;
						TestTargetID = F44A9A04267F47A400441CCF;
					};
				};
			};
			buildConfigurationList = F44A9A00267F47A400441CCF /* Build configuration list for PBXProject "GBShopping" */;
			compatibilityVersion = "Xcode 9.3";
			developmentRegion = en;
			hasScannedForEncodings = 0;
			knownRegions = (
				en,
				Base,
			);
			mainGroup = F44A99FC267F47A400441CCF;
			productRefGroup = F44A9A06267F47A400441CCF /* Products */;
			projectDirPath = "";
			projectRoot = "";
			targets = (
				F44A9A04267F47A400441CCF /* GBShopping */,
				F44A9A1A267F47A500441CCF /* GBShoppingTests */,
				F44A9A25267F47A500441CCF /* GBShoppingUITests */,
			);
		};
/* End PBXProject section */

/* Begin PBXResourcesBuildPhase section */
		F44A9A03267F47A400441CCF /* Resources */ = {
			isa = PBXResourcesBuildPhase;
			buildActionMask = 2147483647;
			files = (
				F44A9A15267F47A500441CCF /* LaunchScreen.storyboard in Resources */,
				F44A9A12267F47A500441CCF /* Assets.xcassets in Resources */,
				F44A9A10267F47A400441CCF /* Main.storyboard in Resources */,
			);
			runOnlyForDeploymentPostprocessing = 0;
		};
		F44A9A19267F47A500441CCF /* Resources */ = {
			isa = PBXResourcesBuildPhase;
			buildActionMask = 2147483647;
			files = (
			);
			runOnlyForDeploymentPostprocessing = 0;
		};
		F44A9A24267F47A500441CCF /* Resources */ = {
			isa = PBXResourcesBuildPhase;
			buildActionMask = 2147483647;
			files = (
			);
			runOnlyForDeploymentPostprocessing = 0;
		};
/* End PBXResourcesBuildPhase section */

/* Begin PBXShellScriptBuildPhase section */
		0149902E8B42679B3EC72196 /* [CP] Check Pods Manifest.lock */ = {
			isa = PBXShellScriptBuildPhase;
			buildActionMask = 2147483647;
			files = (
			);
			inputFileListPaths = (
			);
			inputPaths = (
				"${PODS_PODFILE_DIR_PATH}/Podfile.lock",
				"${PODS_ROOT}/Manifest.lock",
			);
			name = "[CP] Check Pods Manifest.lock";
			outputFileListPaths = (
			);
			outputPaths = (
				"$(DERIVED_FILE_DIR)/Pods-GBShopping-checkManifestLockResult.txt",
			);
			runOnlyForDeploymentPostprocessing = 0;
			shellPath = /bin/sh;
			shellScript = "diff \"${PODS_PODFILE_DIR_PATH}/Podfile.lock\" \"${PODS_ROOT}/Manifest.lock\" > /dev/null\nif [ $? != 0 ] ; then\n    # print error to STDERR\n    echo \"error: The sandbox is not in sync with the Podfile.lock. Run 'pod install' or update your CocoaPods installation.\" >&2\n    exit 1\nfi\n# This output is used by Xcode 'outputs' to avoid re-running this script phase.\necho \"SUCCESS\" > \"${SCRIPT_OUTPUT_FILE_0}\"\n";
			showEnvVarsInLog = 0;
		};
		321E51C17CB1694F914EC65C /* [CP] Embed Pods Frameworks */ = {
			isa = PBXShellScriptBuildPhase;
			buildActionMask = 2147483647;
			files = (
			);
			inputFileListPaths = (
				"${PODS_ROOT}/Target Support Files/Pods-GBShopping-GBShoppingUITests/Pods-GBShopping-GBShoppingUITests-frameworks-${CONFIGURATION}-input-files.xcfilelist",
			);
			name = "[CP] Embed Pods Frameworks";
			outputFileListPaths = (
				"${PODS_ROOT}/Target Support Files/Pods-GBShopping-GBShoppingUITests/Pods-GBShopping-GBShoppingUITests-frameworks-${CONFIGURATION}-output-files.xcfilelist",
			);
			runOnlyForDeploymentPostprocessing = 0;
			shellPath = /bin/sh;
			shellScript = "\"${PODS_ROOT}/Target Support Files/Pods-GBShopping-GBShoppingUITests/Pods-GBShopping-GBShoppingUITests-frameworks.sh\"\n";
			showEnvVarsInLog = 0;
		};
		523A9550F28A451A9F24DE44 /* [CP] Check Pods Manifest.lock */ = {
			isa = PBXShellScriptBuildPhase;
			buildActionMask = 2147483647;
			files = (
			);
			inputFileListPaths = (
			);
			inputPaths = (
				"${PODS_PODFILE_DIR_PATH}/Podfile.lock",
				"${PODS_ROOT}/Manifest.lock",
			);
			name = "[CP] Check Pods Manifest.lock";
			outputFileListPaths = (
			);
			outputPaths = (
				"$(DERIVED_FILE_DIR)/Pods-GBShopping-GBShoppingUITests-checkManifestLockResult.txt",
			);
			runOnlyForDeploymentPostprocessing = 0;
			shellPath = /bin/sh;
			shellScript = "diff \"${PODS_PODFILE_DIR_PATH}/Podfile.lock\" \"${PODS_ROOT}/Manifest.lock\" > /dev/null\nif [ $? != 0 ] ; then\n    # print error to STDERR\n    echo \"error: The sandbox is not in sync with the Podfile.lock. Run 'pod install' or update your CocoaPods installation.\" >&2\n    exit 1\nfi\n# This output is used by Xcode 'outputs' to avoid re-running this script phase.\necho \"SUCCESS\" > \"${SCRIPT_OUTPUT_FILE_0}\"\n";
			showEnvVarsInLog = 0;
		};
		9D1900B20F70ADBB1078CBE6 /* [CP] Embed Pods Frameworks */ = {
			isa = PBXShellScriptBuildPhase;
			buildActionMask = 2147483647;
			files = (
			);
			inputFileListPaths = (
				"${PODS_ROOT}/Target Support Files/Pods-GBShopping/Pods-GBShopping-frameworks-${CONFIGURATION}-input-files.xcfilelist",
			);
			name = "[CP] Embed Pods Frameworks";
			outputFileListPaths = (
				"${PODS_ROOT}/Target Support Files/Pods-GBShopping/Pods-GBShopping-frameworks-${CONFIGURATION}-output-files.xcfilelist",
			);
			runOnlyForDeploymentPostprocessing = 0;
			shellPath = /bin/sh;
			shellScript = "\"${PODS_ROOT}/Target Support Files/Pods-GBShopping/Pods-GBShopping-frameworks.sh\"\n";
			showEnvVarsInLog = 0;
		};
		C412AA1F08E1B4D5A7183D73 /* [CP] Check Pods Manifest.lock */ = {
			isa = PBXShellScriptBuildPhase;
			buildActionMask = 2147483647;
			files = (
			);
			inputFileListPaths = (
			);
			inputPaths = (
				"${PODS_PODFILE_DIR_PATH}/Podfile.lock",
				"${PODS_ROOT}/Manifest.lock",
			);
			name = "[CP] Check Pods Manifest.lock";
			outputFileListPaths = (
			);
			outputPaths = (
				"$(DERIVED_FILE_DIR)/Pods-GBShoppingTests-checkManifestLockResult.txt",
			);
			runOnlyForDeploymentPostprocessing = 0;
			shellPath = /bin/sh;
			shellScript = "diff \"${PODS_PODFILE_DIR_PATH}/Podfile.lock\" \"${PODS_ROOT}/Manifest.lock\" > /dev/null\nif [ $? != 0 ] ; then\n    # print error to STDERR\n    echo \"error: The sandbox is not in sync with the Podfile.lock. Run 'pod install' or update your CocoaPods installation.\" >&2\n    exit 1\nfi\n# This output is used by Xcode 'outputs' to avoid re-running this script phase.\necho \"SUCCESS\" > \"${SCRIPT_OUTPUT_FILE_0}\"\n";
			showEnvVarsInLog = 0;
		};
/* End PBXShellScriptBuildPhase section */

/* Begin PBXSourcesBuildPhase section */
		F44A9A01267F47A400441CCF /* Sources */ = {
			isa = PBXSourcesBuildPhase;
			buildActionMask = 2147483647;
			files = (
				F4DD9BDC2684839B00126EE1 /* AuthRequestFactory.swift in Sources */,
				F4DD9BD52684827E00126EE1 /* RequestRouter.swift in Sources */,
				F4DD9BE22684A99000126EE1 /* OnlyResult.swift in Sources */,
				F4DD9BE42684B5F800126EE1 /* RegisterUserResult.swift in Sources */,
				F4DD9BD32684801200126EE1 /* AbstractRequestFactory.swift in Sources */,
				F4DD9BE02684A1CF00126EE1 /* RequestFactory.swift in Sources */,
				F4DD9BCF26847B3B00126EE1 /* ErrorParser.swift in Sources */,
				F44A9A0D267F47A400441CCF /* ViewController.swift in Sources */,
				F4DD9BCD26847AEA00126EE1 /* AbstractErrorParser.swift in Sources */,
				F4DD9BD126847CA600126EE1 /* DataRequest.swift in Sources */,
				F4DD9BD72684831300126EE1 /* LoginResult.swift in Sources */,
				F44A9A09267F47A400441CCF /* AppDelegate.swift in Sources */,
				F4DD9BD92684834200126EE1 /* User.swift in Sources */,
				F44A9A0B267F47A400441CCF /* SceneDelegate.swift in Sources */,
				F4DD9BDE2684842B00126EE1 /* Auth.swift in Sources */,
			);
			runOnlyForDeploymentPostprocessing = 0;
		};
		F44A9A17267F47A500441CCF /* Sources */ = {
			isa = PBXSourcesBuildPhase;
			buildActionMask = 2147483647;
			files = (
				F44A9A20267F47A500441CCF /* GBShoppingTests.swift in Sources */,
				F4DD9BF0268A09D600126EE1 /* AuthTests.swift in Sources */,
				F4DD9BEE2689FDD400126EE1 /* ResponseCodableTests.swift in Sources */,
			);
			runOnlyForDeploymentPostprocessing = 0;
		};
		F44A9A22267F47A500441CCF /* Sources */ = {
			isa = PBXSourcesBuildPhase;
			buildActionMask = 2147483647;
			files = (
				F44A9A2B267F47A500441CCF /* GBShoppingUITests.swift in Sources */,
			);
			runOnlyForDeploymentPostprocessing = 0;
		};
/* End PBXSourcesBuildPhase section */

/* Begin PBXTargetDependency section */
		F44A9A1D267F47A500441CCF /* PBXTargetDependency */ = {
			isa = PBXTargetDependency;
			target = F44A9A04267F47A400441CCF /* GBShopping */;
			targetProxy = F44A9A1C267F47A500441CCF /* PBXContainerItemProxy */;
		};
		F44A9A28267F47A500441CCF /* PBXTargetDependency */ = {
			isa = PBXTargetDependency;
			target = F44A9A04267F47A400441CCF /* GBShopping */;
			targetProxy = F44A9A27267F47A500441CCF /* PBXContainerItemProxy */;
		};
/* End PBXTargetDependency section */

/* Begin PBXVariantGroup section */
		F44A9A0E267F47A400441CCF /* Main.storyboard */ = {
			isa = PBXVariantGroup;
			children = (
				F44A9A0F267F47A400441CCF /* Base */,
			);
			name = Main.storyboard;
			sourceTree = "<group>";
		};
		F44A9A13267F47A500441CCF /* LaunchScreen.storyboard */ = {
			isa = PBXVariantGroup;
			children = (
				F44A9A14267F47A500441CCF /* Base */,
			);
			name = LaunchScreen.storyboard;
			sourceTree = "<group>";
		};
/* End PBXVariantGroup section */

/* Begin XCBuildConfiguration section */
		F44A9A2D267F47A500441CCF /* Debug */ = {
			isa = XCBuildConfiguration;
			buildSettings = {
				ALWAYS_SEARCH_USER_PATHS = NO;
				CLANG_ANALYZER_NONNULL = YES;
				CLANG_ANALYZER_NUMBER_OBJECT_CONVERSION = YES_AGGRESSIVE;
				CLANG_CXX_LANGUAGE_STANDARD = "gnu++14";
				CLANG_CXX_LIBRARY = "libc++";
				CLANG_ENABLE_MODULES = YES;
				CLANG_ENABLE_OBJC_ARC = YES;
				CLANG_ENABLE_OBJC_WEAK = YES;
				CLANG_WARN_BLOCK_CAPTURE_AUTORELEASING = YES;
				CLANG_WARN_BOOL_CONVERSION = YES;
				CLANG_WARN_COMMA = YES;
				CLANG_WARN_CONSTANT_CONVERSION = YES;
				CLANG_WARN_DEPRECATED_OBJC_IMPLEMENTATIONS = YES;
				CLANG_WARN_DIRECT_OBJC_ISA_USAGE = YES_ERROR;
				CLANG_WARN_DOCUMENTATION_COMMENTS = YES;
				CLANG_WARN_EMPTY_BODY = YES;
				CLANG_WARN_ENUM_CONVERSION = YES;
				CLANG_WARN_INFINITE_RECURSION = YES;
				CLANG_WARN_INT_CONVERSION = YES;
				CLANG_WARN_NON_LITERAL_NULL_CONVERSION = YES;
				CLANG_WARN_OBJC_IMPLICIT_RETAIN_SELF = YES;
				CLANG_WARN_OBJC_LITERAL_CONVERSION = YES;
				CLANG_WARN_OBJC_ROOT_CLASS = YES_ERROR;
				CLANG_WARN_QUOTED_INCLUDE_IN_FRAMEWORK_HEADER = YES;
				CLANG_WARN_RANGE_LOOP_ANALYSIS = YES;
				CLANG_WARN_STRICT_PROTOTYPES = YES;
				CLANG_WARN_SUSPICIOUS_MOVE = YES;
				CLANG_WARN_UNGUARDED_AVAILABILITY = YES_AGGRESSIVE;
				CLANG_WARN_UNREACHABLE_CODE = YES;
				CLANG_WARN__DUPLICATE_METHOD_MATCH = YES;
				COPY_PHASE_STRIP = NO;
				DEBUG_INFORMATION_FORMAT = dwarf;
				ENABLE_STRICT_OBJC_MSGSEND = YES;
				ENABLE_TESTABILITY = YES;
				GCC_C_LANGUAGE_STANDARD = gnu11;
				GCC_DYNAMIC_NO_PIC = NO;
				GCC_NO_COMMON_BLOCKS = YES;
				GCC_OPTIMIZATION_LEVEL = 0;
				GCC_PREPROCESSOR_DEFINITIONS = (
					"DEBUG=1",
					"$(inherited)",
				);
				GCC_WARN_64_TO_32_BIT_CONVERSION = YES;
				GCC_WARN_ABOUT_RETURN_TYPE = YES_ERROR;
				GCC_WARN_UNDECLARED_SELECTOR = YES;
				GCC_WARN_UNINITIALIZED_AUTOS = YES_AGGRESSIVE;
				GCC_WARN_UNUSED_FUNCTION = YES;
				GCC_WARN_UNUSED_VARIABLE = YES;
				IPHONEOS_DEPLOYMENT_TARGET = 14.5;
				MTL_ENABLE_DEBUG_INFO = INCLUDE_SOURCE;
				MTL_FAST_MATH = YES;
				ONLY_ACTIVE_ARCH = YES;
				SDKROOT = iphoneos;
				SWIFT_ACTIVE_COMPILATION_CONDITIONS = DEBUG;
				SWIFT_OPTIMIZATION_LEVEL = "-Onone";
			};
			name = Debug;
		};
		F44A9A2E267F47A500441CCF /* Release */ = {
			isa = XCBuildConfiguration;
			buildSettings = {
				ALWAYS_SEARCH_USER_PATHS = NO;
				CLANG_ANALYZER_NONNULL = YES;
				CLANG_ANALYZER_NUMBER_OBJECT_CONVERSION = YES_AGGRESSIVE;
				CLANG_CXX_LANGUAGE_STANDARD = "gnu++14";
				CLANG_CXX_LIBRARY = "libc++";
				CLANG_ENABLE_MODULES = YES;
				CLANG_ENABLE_OBJC_ARC = YES;
				CLANG_ENABLE_OBJC_WEAK = YES;
				CLANG_WARN_BLOCK_CAPTURE_AUTORELEASING = YES;
				CLANG_WARN_BOOL_CONVERSION = YES;
				CLANG_WARN_COMMA = YES;
				CLANG_WARN_CONSTANT_CONVERSION = YES;
				CLANG_WARN_DEPRECATED_OBJC_IMPLEMENTATIONS = YES;
				CLANG_WARN_DIRECT_OBJC_ISA_USAGE = YES_ERROR;
				CLANG_WARN_DOCUMENTATION_COMMENTS = YES;
				CLANG_WARN_EMPTY_BODY = YES;
				CLANG_WARN_ENUM_CONVERSION = YES;
				CLANG_WARN_INFINITE_RECURSION = YES;
				CLANG_WARN_INT_CONVERSION = YES;
				CLANG_WARN_NON_LITERAL_NULL_CONVERSION = YES;
				CLANG_WARN_OBJC_IMPLICIT_RETAIN_SELF = YES;
				CLANG_WARN_OBJC_LITERAL_CONVERSION = YES;
				CLANG_WARN_OBJC_ROOT_CLASS = YES_ERROR;
				CLANG_WARN_QUOTED_INCLUDE_IN_FRAMEWORK_HEADER = YES;
				CLANG_WARN_RANGE_LOOP_ANALYSIS = YES;
				CLANG_WARN_STRICT_PROTOTYPES = YES;
				CLANG_WARN_SUSPICIOUS_MOVE = YES;
				CLANG_WARN_UNGUARDED_AVAILABILITY = YES_AGGRESSIVE;
				CLANG_WARN_UNREACHABLE_CODE = YES;
				CLANG_WARN__DUPLICATE_METHOD_MATCH = YES;
				COPY_PHASE_STRIP = NO;
				DEBUG_INFORMATION_FORMAT = "dwarf-with-dsym";
				ENABLE_NS_ASSERTIONS = NO;
				ENABLE_STRICT_OBJC_MSGSEND = YES;
				GCC_C_LANGUAGE_STANDARD = gnu11;
				GCC_NO_COMMON_BLOCKS = YES;
				GCC_WARN_64_TO_32_BIT_CONVERSION = YES;
				GCC_WARN_ABOUT_RETURN_TYPE = YES_ERROR;
				GCC_WARN_UNDECLARED_SELECTOR = YES;
				GCC_WARN_UNINITIALIZED_AUTOS = YES_AGGRESSIVE;
				GCC_WARN_UNUSED_FUNCTION = YES;
				GCC_WARN_UNUSED_VARIABLE = YES;
				IPHONEOS_DEPLOYMENT_TARGET = 14.5;
				MTL_ENABLE_DEBUG_INFO = NO;
				MTL_FAST_MATH = YES;
				SDKROOT = iphoneos;
				SWIFT_COMPILATION_MODE = wholemodule;
				SWIFT_OPTIMIZATION_LEVEL = "-O";
				VALIDATE_PRODUCT = YES;
			};
			name = Release;
		};
		F44A9A30267F47A500441CCF /* Debug */ = {
			isa = XCBuildConfiguration;
			baseConfigurationReference = 89CEBEF594A370D572B2C0E4 /* Pods-GBShopping.debug.xcconfig */;
			buildSettings = {
				ASSETCATALOG_COMPILER_APPICON_NAME = AppIcon;
				ASSETCATALOG_COMPILER_GLOBAL_ACCENT_COLOR_NAME = AccentColor;
				CODE_SIGN_STYLE = Automatic;
				DEVELOPMENT_TEAM = YKX9VWS6ZS;
				INFOPLIST_FILE = GBShopping/Environments/Info.plist;
				LD_RUNPATH_SEARCH_PATHS = (
					"$(inherited)",
					"@executable_path/Frameworks",
				);
				PRODUCT_BUNDLE_IDENTIFIER = com.grigorystolyarov.GBShopping;
				PRODUCT_NAME = "$(TARGET_NAME)";
				SWIFT_VERSION = 5.0;
				TARGETED_DEVICE_FAMILY = "1,2";
			};
			name = Debug;
		};
		F44A9A31267F47A500441CCF /* Release */ = {
			isa = XCBuildConfiguration;
			baseConfigurationReference = E6B3E48C9BD77C7A57575DC1 /* Pods-GBShopping.release.xcconfig */;
			buildSettings = {
				ASSETCATALOG_COMPILER_APPICON_NAME = AppIcon;
				ASSETCATALOG_COMPILER_GLOBAL_ACCENT_COLOR_NAME = AccentColor;
				CODE_SIGN_STYLE = Automatic;
				DEVELOPMENT_TEAM = YKX9VWS6ZS;
				INFOPLIST_FILE = GBShopping/Environments/Info.plist;
				LD_RUNPATH_SEARCH_PATHS = (
					"$(inherited)",
					"@executable_path/Frameworks",
				);
				PRODUCT_BUNDLE_IDENTIFIER = com.grigorystolyarov.GBShopping;
				PRODUCT_NAME = "$(TARGET_NAME)";
				SWIFT_VERSION = 5.0;
				TARGETED_DEVICE_FAMILY = "1,2";
			};
			name = Release;
		};
		F44A9A33267F47A500441CCF /* Debug */ = {
			isa = XCBuildConfiguration;
			baseConfigurationReference = 5DD975FF12CADD1E0EA64F52 /* Pods-GBShoppingTests.debug.xcconfig */;
			buildSettings = {
				ALWAYS_EMBED_SWIFT_STANDARD_LIBRARIES = YES;
				BUNDLE_LOADER = "$(TEST_HOST)";
				CODE_SIGN_STYLE = Automatic;
				DEVELOPMENT_TEAM = YKX9VWS6ZS;
				INFOPLIST_FILE = GBShoppingTests/Info.plist;
				IPHONEOS_DEPLOYMENT_TARGET = 14.5;
				LD_RUNPATH_SEARCH_PATHS = (
					"$(inherited)",
					"@executable_path/Frameworks",
					"@loader_path/Frameworks",
				);
				PRODUCT_BUNDLE_IDENTIFIER = com.grigorystolyarov.GBShoppingTests;
				PRODUCT_NAME = "$(TARGET_NAME)";
				SWIFT_VERSION = 5.0;
				TARGETED_DEVICE_FAMILY = "1,2";
				TEST_HOST = "$(BUILT_PRODUCTS_DIR)/GBShopping.app/GBShopping";
			};
			name = Debug;
		};
		F44A9A34267F47A500441CCF /* Release */ = {
			isa = XCBuildConfiguration;
			baseConfigurationReference = 555EF8129B75318FDC4A0BEE /* Pods-GBShoppingTests.release.xcconfig */;
			buildSettings = {
				ALWAYS_EMBED_SWIFT_STANDARD_LIBRARIES = YES;
				BUNDLE_LOADER = "$(TEST_HOST)";
				CODE_SIGN_STYLE = Automatic;
				DEVELOPMENT_TEAM = YKX9VWS6ZS;
				INFOPLIST_FILE = GBShoppingTests/Info.plist;
				IPHONEOS_DEPLOYMENT_TARGET = 14.5;
				LD_RUNPATH_SEARCH_PATHS = (
					"$(inherited)",
					"@executable_path/Frameworks",
					"@loader_path/Frameworks",
				);
				PRODUCT_BUNDLE_IDENTIFIER = com.grigorystolyarov.GBShoppingTests;
				PRODUCT_NAME = "$(TARGET_NAME)";
				SWIFT_VERSION = 5.0;
				TARGETED_DEVICE_FAMILY = "1,2";
				TEST_HOST = "$(BUILT_PRODUCTS_DIR)/GBShopping.app/GBShopping";
			};
			name = Release;
		};
		F44A9A36267F47A500441CCF /* Debug */ = {
			isa = XCBuildConfiguration;
			baseConfigurationReference = 82301879CB80B7BC6DDB5159 /* Pods-GBShopping-GBShoppingUITests.debug.xcconfig */;
			buildSettings = {
				ALWAYS_EMBED_SWIFT_STANDARD_LIBRARIES = YES;
				CODE_SIGN_STYLE = Automatic;
				DEVELOPMENT_TEAM = YKX9VWS6ZS;
				INFOPLIST_FILE = GBShoppingUITests/Info.plist;
				LD_RUNPATH_SEARCH_PATHS = (
					"$(inherited)",
					"@executable_path/Frameworks",
					"@loader_path/Frameworks",
				);
				PRODUCT_BUNDLE_IDENTIFIER = com.grigorystolyarov.GBShoppingUITests;
				PRODUCT_NAME = "$(TARGET_NAME)";
				SWIFT_VERSION = 5.0;
				TARGETED_DEVICE_FAMILY = "1,2";
				TEST_TARGET_NAME = GBShopping;
			};
			name = Debug;
		};
		F44A9A37267F47A500441CCF /* Release */ = {
			isa = XCBuildConfiguration;
			baseConfigurationReference = 1D84B3E206755E7F01F6F58A /* Pods-GBShopping-GBShoppingUITests.release.xcconfig */;
			buildSettings = {
				ALWAYS_EMBED_SWIFT_STANDARD_LIBRARIES = YES;
				CODE_SIGN_STYLE = Automatic;
				DEVELOPMENT_TEAM = YKX9VWS6ZS;
				INFOPLIST_FILE = GBShoppingUITests/Info.plist;
				LD_RUNPATH_SEARCH_PATHS = (
					"$(inherited)",
					"@executable_path/Frameworks",
					"@loader_path/Frameworks",
				);
				PRODUCT_BUNDLE_IDENTIFIER = com.grigorystolyarov.GBShoppingUITests;
				PRODUCT_NAME = "$(TARGET_NAME)";
				SWIFT_VERSION = 5.0;
				TARGETED_DEVICE_FAMILY = "1,2";
				TEST_TARGET_NAME = GBShopping;
			};
			name = Release;
		};
/* End XCBuildConfiguration section */

/* Begin XCConfigurationList section */
		F44A9A00267F47A400441CCF /* Build configuration list for PBXProject "GBShopping" */ = {
			isa = XCConfigurationList;
			buildConfigurations = (
				F44A9A2D267F47A500441CCF /* Debug */,
				F44A9A2E267F47A500441CCF /* Release */,
			);
			defaultConfigurationIsVisible = 0;
			defaultConfigurationName = Release;
		};
		F44A9A2F267F47A500441CCF /* Build configuration list for PBXNativeTarget "GBShopping" */ = {
			isa = XCConfigurationList;
			buildConfigurations = (
				F44A9A30267F47A500441CCF /* Debug */,
				F44A9A31267F47A500441CCF /* Release */,
			);
			defaultConfigurationIsVisible = 0;
			defaultConfigurationName = Release;
		};
		F44A9A32267F47A500441CCF /* Build configuration list for PBXNativeTarget "GBShoppingTests" */ = {
			isa = XCConfigurationList;
			buildConfigurations = (
				F44A9A33267F47A500441CCF /* Debug */,
				F44A9A34267F47A500441CCF /* Release */,
			);
			defaultConfigurationIsVisible = 0;
			defaultConfigurationName = Release;
		};
		F44A9A35267F47A500441CCF /* Build configuration list for PBXNativeTarget "GBShoppingUITests" */ = {
			isa = XCConfigurationList;
			buildConfigurations = (
				F44A9A36267F47A500441CCF /* Debug */,
				F44A9A37267F47A500441CCF /* Release */,
			);
			defaultConfigurationIsVisible = 0;
			defaultConfigurationName = Release;
		};
/* End XCConfigurationList section */
	};
	rootObject = F44A99FD267F47A400441CCF /* Project object */;
}
